# This file is automatically @generated by Cargo.
# It is not intended for manual editing.
version = 3

[[package]]
name = "aidoku"
version = "0.2.0"
dependencies = [
 "aidoku_helpers",
 "aidoku_imports",
 "aidoku_macros",
 "aidoku_proc_macros",
 "dlmalloc",
]

[[package]]
name = "aidoku_helpers"
version = "0.1.0"
dependencies = [
 "aidoku_imports",
]

[[package]]
name = "aidoku_imports"
version = "0.2.0"

[[package]]
name = "aidoku_macros"
version = "0.1.0"

[[package]]
name = "aidoku_proc_macros"
version = "0.2.0"
dependencies = [
 "proc-macro2",
 "quote",
 "syn",
]

[[package]]
name = "dlmalloc"
version = "0.2.4"
source = "registry+https://github.com/rust-lang/crates.io-index"
checksum = "203540e710bfadb90e5e29930baf5d10270cec1f43ab34f46f78b147b2de715a"
dependencies = [
 "libc",
]

[[package]]
name = "example_source"
version = "0.1.0"
dependencies = [
 "aidoku",
]

[[package]]
name = "libc"
version = "0.2.144"
source = "registry+https://github.com/rust-lang/crates.io-index"
checksum = "2b00cc1c228a6782d0f076e7b232802e0c5689d41bb5df366f2a6b6621cfdfe1"

[[package]]
name = "proc-macro2"
version = "1.0.36"
source = "registry+https://github.com/rust-lang/crates.io-index"
checksum = "c7342d5883fbccae1cc37a2353b09c87c9b0f3afd73f5fb9bba687a1f733b029"
dependencies = [
 "unicode-xid",
]

[[package]]
name = "quote"
version = "1.0.17"
source = "registry+https://github.com/rust-lang/crates.io-index"
checksum = "632d02bff7f874a36f33ea8bb416cd484b90cc66c1194b1a1110d067a7013f58"
dependencies = [
 "proc-macro2",
]

[[package]]
name = "syn"
version = "1.0.90"
source = "registry+https://github.com/rust-lang/crates.io-index"
checksum = "704df27628939572cd88d33f171cd6f896f4eaca85252c6e0a72d8d8287ee86f"
dependencies = [
 "proc-macro2",
 "quote",
 "unicode-xid",
]

[[package]]
name = "unicode-xid"
version = "0.2.2"
source = "registry+https://github.com/rust-lang/crates.io-index"
checksum = "8ccb82d61f80a663efe1f787a51b16b5a51e3314d6ac365b08639f52387b33f3"
